
Microsoft Visual Studio Solution File, Format Version 12.00
# Visual Studio Version 17
VisualStudioVersion = 17.2.32630.192
MinimumVisualStudioVersion = 10.0.40219.1
Project("{FAE04EC0-301F-11D3-BF4B-00C04F79EFBC}") = "DBSM", "DBSM\DBSM.csproj", "{91AFD8D0-C1A3-400A-A2DA-DBAD028C304C}"
EndProject
Global
	GlobalSection(SolutionConfigurationPlatforms) = preSolution
		Debug|Any CPU = Debug|Any CPU
		Release|Any CPU = Release|Any CPU
	EndGlobalSection
	GlobalSection(ProjectConfigurationPlatforms) = postSolution
		{91AFD8D0-C1A3-400A-A2DA-DBAD028C304C}.Debug|Any CPU.ActiveCfg = Debug|Any CPU
		{91AFD8D0-C1A3-400A-A2DA-DBAD028C304C}.Debug|Any CPU.Build.0 = Debug|Any CPU
		{91AFD8D0-C1A3-400A-A2DA-DBAD028C304C}.Release|Any CPU.ActiveCfg = Release|Any CPU
		{91AFD8D0-C1A3-400A-A2DA-DBAD028C304C}.Release|Any CPU.Build.0 = Release|Any CPU
	EndGlobalSection
	GlobalSection(SolutionProperties) = preSolution
		HideSolutionNode = FALSE
	EndGlobalSection
	GlobalSection(ExtensibilityGlobals) = postSolution
		SolutionGuid = {8AC71494-7091-4B44-8897-FDB4EC8D7D34}
	EndGlobalSection
EndGlobal
